github.com/culturadevops/jgt v0.0.0-20201003152724-75feb829b2d6 h1:NsBHnoEOmN1L5JnEQMRHmM0i7Y2tCcpHEH9+gyEtqaU=
github.com/culturadevops/jgt v0.0.0-20201003152724-75feb829b2d6/go.mod h1:+2EkcsFIIEONtXukwPlQEiqrrYfePqh+h5qTFB2pF+M=
github.com/culturadevops/jgt/jio v0.0.0-20201003152724-75feb829b2d6 h1:Cq6nn6ArmQbZ7ZjFrdi2RlBRypUYbTSsguucjGTmwKU=
github.com/culturadevops/jgt/jio v0.0.0-20201003152724-75feb829b2d6/go.mod h1:kJDsttMup3YUicen6033Futd4oiOCyw0V0gXGGLXt7U=
